
Microsoft Visual Studio Solution File, Format Version 12.00
# Visual Studio Version 17
VisualStudioVersion = 17.14.36603.0 d17.14
MinimumVisualStudioVersion = 10.0.40219.1
Project("{FAE04EC0-301F-11D3-BF4B-00C04F79EFBC}") = "mail-graph-sqlite", "mail-graph-sqlite.csproj", "{91975BC5-0245-2797-3CD9-139DAACCF7B6}"
EndProject
Global
	GlobalSection(SolutionConfigurationPlatforms) = preSolution
		Debug|Any CPU = Debug|Any CPU
		Release|Any CPU = Release|Any CPU
	EndGlobalSection
	GlobalSection(ProjectConfigurationPlatforms) = postSolution
		{91975BC5-0245-2797-3CD9-139DAACCF7B6}.Debug|Any CPU.ActiveCfg = Debug|Any CPU
		{91975BC5-0245-2797-3CD9-139DAACCF7B6}.Debug|Any CPU.Build.0 = Debug|Any CPU
		{91975BC5-0245-2797-3CD9-139DAACCF7B6}.Release|Any CPU.ActiveCfg = Release|Any CPU
		{91975BC5-0245-2797-3CD9-139DAACCF7B6}.Release|Any CPU.Build.0 = Release|Any CPU
	EndGlobalSection
	GlobalSection(SolutionProperties) = preSolution
		HideSolutionNode = FALSE
	EndGlobalSection
	GlobalSection(ExtensibilityGlobals) = postSolution
		SolutionGuid = {A57EE07D-D4AD-4310-B7B9-3F72E90D1FDD}
	EndGlobalSection
EndGlobal
